
Microsoft Visual Studio Solution File, Format Version 12.00
# Visual Studio Version 18
VisualStudioVersion = 18.5.11612.153 insiders
MinimumVisualStudioVersion = 10.0.40219.1
Project("{FAE04EC0-301F-11D3-BF4B-00C04F79EFBC}") = "VehicleTelemetryAPI", "VehicleTelemetryAPI.csproj", "{115D8147-FC48-6008-0A5C-0677B7C7A3C7}"
EndProject
Global
	GlobalSection(SolutionConfigurationPlatforms) = preSolution
		Debug|Any CPU = Debug|Any CPU
		Release|Any CPU = Release|Any CPU
	EndGlobalSection
	GlobalSection(ProjectConfigurationPlatforms) = postSolution
		{115D8147-FC48-6008-0A5C-0677B7C7A3C7}.Debug|Any CPU.ActiveCfg = Debug|Any CPU
		{115D8147-FC48-6008-0A5C-0677B7C7A3C7}.Debug|Any CPU.Build.0 = Debug|Any CPU
		{115D8147-FC48-6008-0A5C-0677B7C7A3C7}.Release|Any CPU.ActiveCfg = Release|Any CPU
		{115D8147-FC48-6008-0A5C-0677B7C7A3C7}.Release|Any CPU.Build.0 = Release|Any CPU
	EndGlobalSection
	GlobalSection(SolutionProperties) = preSolution
		HideSolutionNode = FALSE
	EndGlobalSection
	GlobalSection(ExtensibilityGlobals) = postSolution
		SolutionGuid = {04AFE582-CFBA-4A5F-9381-098D228A02AC}
	EndGlobalSection
EndGlobal
